// !$*UTF8*$!
{
	archiveVersion = 1;
	classes = {
	};
	objectVersion = 46;
	objects = {

/* Begin PBXBuildFile section */
		36EC10BF1D4DC81200FF1632 /* AppDelegate.swift in Sources */ = {isa = PBXBuildFile; fileRef = 36EC10BE1D4DC81200FF1632 /* AppDelegate.swift */; };
		36EC10C11D4DC81200FF1632 /* ViewController.swift in Sources */ = {isa = PBXBuildFile; fileRef = 36EC10C01D4DC81200FF1632 /* ViewController.swift */; };
		36EC10C41D4DC81200FF1632 /* Main.storyboard in Resources */ = {isa = PBXBuildFile; fileRef = 36EC10C21D4DC81200FF1632 /* Main.storyboard */; };
		36EC10C61D4DC81200FF1632 /* Assets.xcassets in Resources */ = {isa = PBXBuildFile; fileRef = 36EC10C51D4DC81200FF1632 /* Assets.xcassets */; };
		36EC10C91D4DC81200FF1632 /* LaunchScreen.storyboard in Resources */ = {isa = PBXBuildFile; fileRef = 36EC10C71D4DC81200FF1632 /* LaunchScreen.storyboard */; };
		36EC10D11D4DC90400FF1632 /* KKDatePicker.swift in Sources */ = {isa = PBXBuildFile; fileRef = 36EC10D01D4DC90400FF1632 /* KKDatePicker.swift */; };
/* End PBXBuildFile section */

/* Begin PBXFileReference section */
		36EC10BB1D4DC81200FF1632 /* KKDatePicker.app */ = {isa = PBXFileReference; explicitFileType = wrapper.application; includeInIndex = 0; path = KKDatePicker.app; sourceTree = BUILT_PRODUCTS_DIR; };
		36EC10BE1D4DC81200FF1632 /* AppDelegate.swift */ = {isa = PBXFileReference; lastKnownFileType = sourcecode.swift; path = AppDelegate.swift; sourceTree = "<group>"; };
		36EC10C01D4DC81200FF1632 /* ViewController.swift */ = {isa = PBXFileReference; lastKnownFileType = sourcecode.swift; path = ViewController.swift; sourceTree = "<group>"; };
		36EC10C31D4DC81200FF1632 /* Base */ = {isa = PBXFileReference; lastKnownFileType = file.storyboard; name = Base; path = Base.lproj/Main.storyboard; sourceTree = "<group>"; };
		36EC10C51D4DC81200FF1632 /* Assets.xcassets */ = {isa = PBXFileReference; lastKnownFileType = folder.assetcatalog; path = Assets.xcassets; sourceTree = "<group>"; };
		36EC10C81D4DC81200FF1632 /* Base */ = {isa = PBXFileReference; lastKnownFileType = file.storyboard; name = Base; path = Base.lproj/LaunchScreen.storyboard; sourceTree = "<group>"; };
		36EC10CA1D4DC81200FF1632 /* Info.plist */ = {isa = PBXFileReference; lastKnownFileType = text.plist.xml; path = Info.plist; sourceTree = "<group>"; };
		36EC10D01D4DC90400FF1632 /* KKDatePicker.swift */ = {isa = PBXFileReference; fileEncoding = 4; lastKnownFileType = sourcecode.swift; path = KKDatePicker.swift; sourceTree = "<group>"; };
/* End PBXFileReference section */

/* Begin PBXFrameworksBuildPhase section */
		36EC10B81D4DC81200FF1632 /* Frameworks */ = {
			isa = PBXFrameworksBuildPhase;
			buildActionMask = 2147483647;
			files = (
			);
			runOnlyForDeploymentPostprocessing = 0;
		};
/* End PBXFrameworksBuildPhase section */

/* Begin PBXGroup section */
		36EC10B21D4DC81200FF1632 = {
			isa = PBXGroup;
			children = (
				36EC10BD1D4DC81200FF1632 /* KKDatePicker */,
				36EC10BC1D4DC81200FF1632 /* Products */,
			);
			sourceTree = "<group>";
		};
		36EC10BC1D4DC81200FF1632 /* Products */ = {
			isa = PBXGroup;
			children = (
				36EC10BB1D4DC81200FF1632 /* KKDatePicker.app */,
			);
			name = Products;
			sourceTree = "<group>";
		};
		36EC10BD1D4DC81200FF1632 /* KKDatePicker */ = {
			isa = PBXGroup;
			children = (
				36EC10BE1D4DC81200FF1632 /* AppDelegate.swift */,
				36EC10D01D4DC90400FF1632 /* KKDatePicker.swift */,
				36EC10C01D4DC81200FF1632 /* ViewController.swift */,
				36EC10C21D4DC81200FF1632 /* Main.storyboard */,
				36EC10C51D4DC81200FF1632 /* Assets.xcassets */,
				36EC10C71D4DC81200FF1632 /* LaunchScreen.storyboard */,
				36EC10CA1D4DC81200FF1632 /* Info.plist */,
			);
			path = KKDatePicker;
			sourceTree = "<group>";
		};
/* End PBXGroup section */

/* Begin PBXNativeTarget section */
		36EC10BA1D4DC81200FF1632 /* KKDatePicker */ = {
			isa = PBXNativeTarget;
			buildConfigurationList = 36EC10CD1D4DC81200FF1632 /* Build configuration list for PBXNativeTarget "KKDatePicker" */;
			buildPhases = (
				36EC10B71D4DC81200FF1632 /* Sources */,
				36EC10B81D4DC81200FF1632 /* Frameworks */,
				36EC10B91D4DC81200FF1632 /* Resources */,
			);
			buildRules = (
			);
			dependencies = (
			);
			name = KKDatePicker;
			productName = KKDatePicker;
			productReference = 36EC10BB1D4DC81200FF1632 /* KKDatePicker.app */;
			productType = "com.apple.product-type.application";
		};
/* End PBXNativeTarget section */

/* Begin PBXProject section */
		36EC10B31D4DC81200FF1632 /* Project object */ = {
			isa = PBXProject;
			attributes = {
				LastSwiftUpdateCheck = 0730;
				LastUpgradeCheck = 0730;
				ORGANIZATIONNAME = "Kenan Karakecili";
				TargetAttributes = {
					36EC10BA1D4DC81200FF1632 = {
						CreatedOnToolsVersion = 7.3.1;
					};
				};
			};
			buildConfigurationList = 36EC10B61D4DC81200FF1632 /* Build configuration list for PBXProject "KKDatePicker" */;
			compatibilityVersion = "Xcode 3.2";
			developmentRegion = English;
			hasScannedForEncodings = 0;
			knownRegions = (
				en,
				Base,
			);
			mainGroup = 36EC10B21D4DC81200FF1632;
			productRefGroup = 36EC10BC1D4DC81200FF1632 /* Products */;
			projectDirPath = "";
			projectRoot = "";
			targets = (
				36EC10BA1D4DC81200FF1632 /* KKDatePicker */,
			);
		};
/* End PBXProject section */

/* Begin PBXResourcesBuildPhase section */
		36EC10B91D4DC81200FF1632 /* Resources */ = {
			isa = PBXResourcesBuildPhase;
			buildActionMask = 2147483647;
			files = (
				36EC10C91D4DC81200FF1632 /* LaunchScreen.storyboard in Resources */,
				36EC10C61D4DC81200FF1632 /* Assets.xcassets in Resources */,
				36EC10C41D4DC81200FF1632 /* Main.storyboard in Resources */,
			);
			runOnlyForDeploymentPostprocessing = 0;
		};
/* End PBXResourcesBuildPhase section */

/* Begin PBXSourcesBuildPhase section */
		36EC10B71D4DC81200FF1632 /* Sources */ = {
			isa = PBXSourcesBuildPhase;
			buildActionMask = 2147483647;
			files = (
				36EC10C11D4DC81200FF1632 /* ViewController.swift in Sources */,
				36EC10BF1D4DC81200FF1632 /* AppDelegate.swift in Sources */,
				36EC10D11D4DC90400FF1632 /* KKDatePicker.swift in Sources */,
			);
			runOnlyForDeploymentPostprocessing = 0;
		};
/* End PBXSourcesBuildPhase section */

/* Begin PBXVariantGroup section */
		36EC10C21D4DC81200FF1632 /* Main.storyboard */ = {
			isa = PBXVariantGroup;
			children = (
				36EC10C31D4DC81200FF1632 /* Base */,
			);
			name = Main.storyboard;
			sourceTree = "<group>";
		};
		36EC10C71D4DC81200FF1632 /* LaunchScreen.storyboard */ = {
			isa = PBXVariantGroup;
			children = (
				36EC10C81D4DC81200FF1632 /* Base */,
			);
			name = LaunchScreen.storyboard;
			sourceTree = "<group>";
		};
/* End PBXVariantGroup section */

/* Begin XCBuildConfiguration section */
		36EC10CB1D4DC81200FF1632 /* Debug */ = {
			isa = XCBuildConfiguration;
			buildSettings = {
				ALWAYS_SEARCH_USER_PATHS = NO;
				CLANG_ANALYZER_NONNULL = YES;
				CLANG_CXX_LANGUAGE_STANDARD = "gnu++0x";
				CLANG_CXX_LIBRARY = "libc++";
				CLANG_ENABLE_MODULES = YES;
				CLANG_ENABLE_OBJC_ARC = YES;
				CLANG_WARN_BOOL_CONVERSION = YES;
				CLANG_WARN_CONSTANT_CONVERSION = YES;
				CLANG_WARN_DIRECT_OBJC_ISA_USAGE = YES_ERROR;
				CLANG_WARN_EMPTY_BODY = YES;
				CLANG_WARN_ENUM_CONVERSION = YES;
				CLANG_WARN_INT_CONVERSION = YES;
				CLANG_WARN_OBJC_ROOT_CLASS = YES_ERROR;
				CLANG_WARN_UNREACHABLE_CODE = YES;
				CLANG_WARN__DUPLICATE_METHOD_MATCH = YES;
				"CODE_SIGN_IDENTITY[sdk=iphoneos*]" = "iPhone Developer";
				COPY_PHASE_STRIP = NO;
				DEBUG_INFORMATION_FORMAT = dwarf;
				ENABLE_STRICT_OBJC_MSGSEND = YES;
				ENABLE_TESTABILITY = YES;
				GCC_C_LANGUAGE_STANDARD = gnu99;
				GCC_DYNAMIC_NO_PIC = NO;
				GCC_NO_COMMON_BLOCKS = YES;
				GCC_OPTIMIZATION_LEVEL = 0;
				GCC_PREPROCESSOR_DEFINITIONS = (
					"DEBUG=1",
					"$(inherited)",
				);
				GCC_WARN_64_TO_32_BIT_CONVERSION = YES;
				GCC_WARN_ABOUT_RETURN_TYPE = YES_ERROR;
				GCC_WARN_UNDECLARED_SELECTOR = YES;
				GCC_WARN_UNINITIALIZED_AUTOS = YES_AGGRESSIVE;
				GCC_WARN_UNUSED_FUNCTION = YES;
				GCC_WARN_UNUSED_VARIABLE = YES;
				IPHONEOS_DEPLOYMENT_TARGET = 9.3;
				MTL_ENABLE_DEBUG_INFO = YES;
				ONLY_ACTIVE_ARCH = YES;
				SDKROOT = iphoneos;
				SWIFT_OPTIMIZATION_LEVEL = "-Onone";
				TARGETED_DEVICE_FAMILY = "1,2";
			};
			name = Debug;
		};
		36EC10CC1D4DC81200FF1632 /* Release */ = {
			isa = XCBuildConfiguration;
			buildSettings = {
				ALWAYS_SEARCH_USER_PATHS = NO;
				CLANG_ANALYZER_NONNULL = YES;
				CLANG_CXX_LANGUAGE_STANDARD = "gnu++0x";
				CLANG_CXX_LIBRARY = "libc++";
				CLANG_ENABLE_MODULES = YES;
				CLANG_ENABLE_OBJC_ARC = YES;
				CLANG_WARN_BOOL_CONVERSION = YES;
				CLANG_WARN_CONSTANT_CONVERSION = YES;
				CLANG_WARN_DIRECT_OBJC_ISA_USAGE = YES_ERROR;
				CLANG_WARN_EMPTY_BODY = YES;
				CLANG_WARN_ENUM_CONVERSION = YES;
				CLANG_WARN_INT_CONVERSION = YES;
				CLANG_WARN_OBJC_ROOT_CLASS = YES_ERROR;
				CLANG_WARN_UNREACHABLE_CODE = YES;
				CLANG_WARN__DUPLICATE_METHOD_MATCH = YES;
				"CODE_SIGN_IDENTITY[sdk=iphoneos*]" = "iPhone Developer";
				COPY_PHASE_STRIP = NO;
				DEBUG_INFORMATION_FORMAT = "dwarf-with-dsym";
				ENABLE_NS_ASSERTIONS = NO;
				ENABLE_STRICT_OBJC_MSGSEND = YES;
				GCC_C_LANGUAGE_STANDARD = gnu99;
				GCC_NO_COMMON_BLOCKS = YES;
				GCC_WARN_64_TO_32_BIT_CONVERSION = YES;
				GCC_WARN_ABOUT_RETURN_TYPE = YES_ERROR;
				GCC_WARN_UNDECLARED_SELECTOR = YES;
				GCC_WARN_UNINITIALIZED_AUTOS = YES_AGGRESSIVE;
				GCC_WARN_UNUSED_FUNCTION = YES;
				GCC_WARN_UNUSED_VARIABLE = YES;
				IPHONEOS_DEPLOYMENT_TARGET = 9.3;
				MTL_ENABLE_DEBUG_INFO = NO;
				SDKROOT = iphoneos;
				TARGETED_DEVICE_FAMILY = "1,2";
				VALIDATE_PRODUCT = YES;
			};
			name = Release;
		};
		36EC10CE1D4DC81200FF1632 /* Debug */ = {
			isa = XCBuildConfiguration;
			buildSettings = {
				ASSETCATALOG_COMPILER_APPICON_NAME = AppIcon;
				INFOPLIST_FILE = KKDatePicker/Info.plist;
				LD_RUNPATH_SEARCH_PATHS = "$(inherited) @executable_path/Frameworks";
				PRODUCT_BUNDLE_IDENTIFIER = com.kenan.KKDatePicker;
				PRODUCT_NAME = "$(TARGET_NAME)";
			};
			name = Debug;
		};
		36EC10CF1D4DC81200FF1632 /* Release */ = {
			isa = XCBuildConfiguration;
			buildSettings = {
				ASSETCATALOG_COMPILER_APPICON_NAME = AppIcon;
				INFOPLIST_FILE = KKDatePicker/Info.plist;
				LD_RUNPATH_SEARCH_PATHS = "$(inherited) @executable_path/Frameworks";
				PRODUCT_BUNDLE_IDENTIFIER = com.kenan.KKDatePicker;
				PRODUCT_NAME = "$(TARGET_NAME)";
			};
			name = Release;
		};
/* End XCBuildConfiguration section */

/* Begin XCConfigurationList section */
		36EC10B61D4DC81200FF1632 /* Build configuration list for PBXProject "KKDatePicker" */ = {
			isa = XCConfigurationList;
			buildConfigurations = (
				36EC10CB1D4DC81200FF1632 /* Debug */,
				36EC10CC1D4DC81200FF1632 /* Release */,
			);
			defaultConfigurationIsVisible = 0;
			defaultConfigurationName = Release;
		};
		36EC10CD1D4DC81200FF1632 /* Build configuration list for PBXNativeTarget "KKDatePicker" */ = {
			isa = XCConfigurationList;
			buildConfigurations = (
				36EC10CE1D4DC81200FF1632 /* Debug */,
				36EC10CF1D4DC81200FF1632 /* Release */,
			);
			defaultConfigurationIsVisible = 0;
		};
/* End XCConfigurationList section */
	};
	rootObject = 36EC10B31D4DC81200FF1632 /* Project object */;
}
